
Microsoft Visual Studio Solution File, Format Version 12.00
# Visual Studio Version 16
VisualStudioVersion = 16.0.31019.35
MinimumVisualStudioVersion = 10.0.40219.1
Project("{FAE04EC0-301F-11D3-BF4B-00C04F79EFBC}") = "FinalProjectLibrary", "FinalProject\FinalProjectLibrary.csproj", "{DE6B6597-F40D-4AB0-90EC-3B5EDA200AC4}"
EndProject
Project("{FAE04EC0-301F-11D3-BF4B-00C04F79EFBC}") = "FinalProject.XUnitTest", "FinalProject.XUnitTest\FinalProject.XUnitTest.csproj", "{50F50EEE-5796-448E-A562-FE3990282252}"
EndProject
Project("{FAE04EC0-301F-11D3-BF4B-00C04F79EFBC}") = "FinalProject.NUnitTest", "FinalProject.NUnitTest\FinalProject.NUnitTest.csproj", "{741F47B7-E15D-4064-B30B-2F96B957AD67}"
EndProject
Global
	GlobalSection(SolutionConfigurationPlatforms) = preSolution
		Debug|Any CPU = Debug|Any CPU
		Release|Any CPU = Release|Any CPU
	EndGlobalSection
	GlobalSection(ProjectConfigurationPlatforms) = postSolution
		{DE6B6597-F40D-4AB0-90EC-3B5EDA200AC4}.Debug|Any CPU.ActiveCfg = Debug|Any CPU
		{DE6B6597-F40D-4AB0-90EC-3B5EDA200AC4}.Debug|Any CPU.Build.0 = Debug|Any CPU
		{DE6B6597-F40D-4AB0-90EC-3B5EDA200AC4}.Release|Any CPU.ActiveCfg = Release|Any CPU
		{DE6B6597-F40D-4AB0-90EC-3B5EDA200AC4}.Release|Any CPU.Build.0 = Release|Any CPU
		{50F50EEE-5796-448E-A562-FE3990282252}.Debug|Any CPU.ActiveCfg = Debug|Any CPU
		{50F50EEE-5796-448E-A562-FE3990282252}.Debug|Any CPU.Build.0 = Debug|Any CPU
		{50F50EEE-5796-448E-A562-FE3990282252}.Release|Any CPU.ActiveCfg = Release|Any CPU
		{50F50EEE-5796-448E-A562-FE3990282252}.Release|Any CPU.Build.0 = Release|Any CPU
		{741F47B7-E15D-4064-B30B-2F96B957AD67}.Debug|Any CPU.ActiveCfg = Debug|Any CPU
		{741F47B7-E15D-4064-B30B-2F96B957AD67}.Debug|Any CPU.Build.0 = Debug|Any CPU
		{741F47B7-E15D-4064-B30B-2F96B957AD67}.Release|Any CPU.ActiveCfg = Release|Any CPU
		{741F47B7-E15D-4064-B30B-2F96B957AD67}.Release|Any CPU.Build.0 = Release|Any CPU
	EndGlobalSection
	GlobalSection(SolutionProperties) = preSolution
		HideSolutionNode = FALSE
	EndGlobalSection
	GlobalSection(ExtensibilityGlobals) = postSolution
		SolutionGuid = {26BB3867-3548-4160-BF8E-3D777FACFB1E}
	EndGlobalSection
EndGlobal
